// !$*UTF8*$!
{
	archiveVersion = 1;
	classes = {
	};
	objectVersion = 46;
	objects = {

/* Begin PBXBuildFile section */
		C4E08E681F298EEE00700121 /* AppDelegate.swift in Sources */ = {isa = PBXBuildFile; fileRef = C4E08E671F298EEE00700121 /* AppDelegate.swift */; };
		C4E08E6A1F298EEE00700121 /* ViewController.swift in Sources */ = {isa = PBXBuildFile; fileRef = C4E08E691F298EEE00700121 /* ViewController.swift */; };
		C4E08E6D1F298EEF00700121 /* Main.storyboard in Resources */ = {isa = PBXBuildFile; fileRef = C4E08E6B1F298EEE00700121 /* Main.storyboard */; };
		C4E08E6F1F298EEF00700121 /* Assets.xcassets in Resources */ = {isa = PBXBuildFile; fileRef = C4E08E6E1F298EEF00700121 /* Assets.xcassets */; };
		C4E08E721F298EEF00700121 /* LaunchScreen.storyboard in Resources */ = {isa = PBXBuildFile; fileRef = C4E08E701F298EEF00700121 /* LaunchScreen.storyboard */; };
/* End PBXBuildFile section */

/* Begin PBXFileReference section */
		C4E08E641F298EEE00700121 /* Prime.app */ = {isa = PBXFileReference; explicitFileType = wrapper.application; includeInIndex = 0; path = Prime.app; sourceTree = BUILT_PRODUCTS_DIR; };
		C4E08E671F298EEE00700121 /* AppDelegate.swift */ = {isa = PBXFileReference; lastKnownFileType = sourcecode.swift; path = AppDelegate.swift; sourceTree = "<group>"; };
		C4E08E691F298EEE00700121 /* ViewController.swift */ = {isa = PBXFileReference; lastKnownFileType = sourcecode.swift; path = ViewController.swift; sourceTree = "<group>"; };
		C4E08E6C1F298EEF00700121 /* Base */ = {isa = PBXFileReference; lastKnownFileType = file.storyboard; name = Base; path = Base.lproj/Main.storyboard; sourceTree = "<group>"; };
		C4E08E6E1F298EEF00700121 /* Assets.xcassets */ = {isa = PBXFileReference; lastKnownFileType = folder.assetcatalog; path = Assets.xcassets; sourceTree = "<group>"; };
		C4E08E711F298EEF00700121 /* Base */ = {isa = PBXFileReference; lastKnownFileType = file.storyboard; name = Base; path = Base.lproj/LaunchScreen.storyboard; sourceTree = "<group>"; };
		C4E08E731F298EEF00700121 /* Info.plist */ = {isa = PBXFileReference; lastKnownFileType = text.plist.xml; path = Info.plist; sourceTree = "<group>"; };
/* End PBXFileReference section */

/* Begin PBXFrameworksBuildPhase section */
		C4E08E611F298EEE00700121 /* Frameworks */ = {
			isa = PBXFrameworksBuildPhase;
			buildActionMask = 2147483647;
			files = (
			);
			runOnlyForDeploymentPostprocessing = 0;
		};
/* End PBXFrameworksBuildPhase section */

/* Begin PBXGroup section */
		C4E08E5B1F298EEE00700121 = {
			isa = PBXGroup;
			children = (
				C4E08E661F298EEE00700121 /* Prime */,
				C4E08E651F298EEE00700121 /* Products */,
			);
			sourceTree = "<group>";
		};
		C4E08E651F298EEE00700121 /* Products */ = {
			isa = PBXGroup;
			children = (
				C4E08E641F298EEE00700121 /* Prime.app */,
			);
			name = Products;
			sourceTree = "<group>";
		};
		C4E08E661F298EEE00700121 /* Prime */ = {
			isa = PBXGroup;
			children = (
				C4E08E671F298EEE00700121 /* AppDelegate.swift */,
				C4E08E691F298EEE00700121 /* ViewController.swift */,
				C4E08E6B1F298EEE00700121 /* Main.storyboard */,
				C4E08E6E1F298EEF00700121 /* Assets.xcassets */,
				C4E08E701F298EEF00700121 /* LaunchScreen.storyboard */,
				C4E08E731F298EEF00700121 /* Info.plist */,
			);
			path = Prime;
			sourceTree = "<group>";
		};
/* End PBXGroup section */

/* Begin PBXNativeTarget section */
		C4E08E631F298EEE00700121 /* Prime */ = {
			isa = PBXNativeTarget;
			buildConfigurationList = C4E08E761F298EEF00700121 /* Build configuration list for PBXNativeTarget "Prime" */;
			buildPhases = (
				C4E08E601F298EEE00700121 /* Sources */,
				C4E08E611F298EEE00700121 /* Frameworks */,
				C4E08E621F298EEE00700121 /* Resources */,
			);
			buildRules = (
			);
			dependencies = (
			);
			name = Prime;
			productName = Prime;
			productReference = C4E08E641F298EEE00700121 /* Prime.app */;
			productType = "com.apple.product-type.application";
		};
/* End PBXNativeTarget section */

/* Begin PBXProject section */
		C4E08E5C1F298EEE00700121 /* Project object */ = {
			isa = PBXProject;
			attributes = {
				LastSwiftUpdateCheck = 0830;
				LastUpgradeCheck = 0830;
				ORGANIZATIONNAME = MasterUNG;
				TargetAttributes = {
					C4E08E631F298EEE00700121 = {
						CreatedOnToolsVersion = 8.3.3;
						ProvisioningStyle = Automatic;
					};
				};
			};
			buildConfigurationList = C4E08E5F1F298EEE00700121 /* Build configuration list for PBXProject "Prime" */;
			compatibilityVersion = "Xcode 3.2";
			developmentRegion = English;
			hasScannedForEncodings = 0;
			knownRegions = (
				en,
				Base,
			);
			mainGroup = C4E08E5B1F298EEE00700121;
			productRefGroup = C4E08E651F298EEE00700121 /* Products */;
			projectDirPath = "";
			projectRoot = "";
			targets = (
				C4E08E631F298EEE00700121 /* Prime */,
			);
		};
/* End PBXProject section */

/* Begin PBXResourcesBuildPhase section */
		C4E08E621F298EEE00700121 /* Resources */ = {
			isa = PBXResourcesBuildPhase;
			buildActionMask = 2147483647;
			files = (
				C4E08E721F298EEF00700121 /* LaunchScreen.storyboard in Resources */,
				C4E08E6F1F298EEF00700121 /* Assets.xcassets in Resources */,
				C4E08E6D1F298EEF00700121 /* Main.storyboard in Resources */,
			);
			runOnlyForDeploymentPostprocessing = 0;
		};
/* End PBXResourcesBuildPhase section */

/* Begin PBXSourcesBuildPhase section */
		C4E08E601F298EEE00700121 /* Sources */ = {
			isa = PBXSourcesBuildPhase;
			buildActionMask = 2147483647;
			files = (
				C4E08E6A1F298EEE00700121 /* ViewController.swift in Sources */,
				C4E08E681F298EEE00700121 /* AppDelegate.swift in Sources */,
			);
			runOnlyForDeploymentPostprocessing = 0;
		};
/* End PBXSourcesBuildPhase section */

/* Begin PBXVariantGroup section */
		C4E08E6B1F298EEE00700121 /* Main.storyboard */ = {
			isa = PBXVariantGroup;
			children = (
				C4E08E6C1F298EEF00700121 /* Base */,
			);
			name = Main.storyboard;
			sourceTree = "<group>";
		};
		C4E08E701F298EEF00700121 /* LaunchScreen.storyboard */ = {
			isa = PBXVariantGroup;
			children = (
				C4E08E711F298EEF00700121 /* Base */,
			);
			name = LaunchScreen.storyboard;
			sourceTree = "<group>";
		};
/* End PBXVariantGroup section */

/* Begin XCBuildConfiguration section */
		C4E08E741F298EEF00700121 /* Debug */ = {
			isa = XCBuildConfiguration;
			buildSettings = {
				ALWAYS_SEARCH_USER_PATHS = NO;
				CLANG_ANALYZER_NONNULL = YES;
				CLANG_ANALYZER_NUMBER_OBJECT_CONVERSION = YES_AGGRESSIVE;
				CLANG_CXX_LANGUAGE_STANDARD = "gnu++0x";
				CLANG_CXX_LIBRARY = "libc++";
				CLANG_ENABLE_MODULES = YES;
				CLANG_ENABLE_OBJC_ARC = YES;
				CLANG_WARN_BOOL_CONVERSION = YES;
				CLANG_WARN_CONSTANT_CONVERSION = YES;
				CLANG_WARN_DIRECT_OBJC_ISA_USAGE = YES_ERROR;
				CLANG_WARN_DOCUMENTATION_COMMENTS = YES;
				CLANG_WARN_EMPTY_BODY = YES;
				CLANG_WARN_ENUM_CONVERSION = YES;
				CLANG_WARN_INFINITE_RECURSION = YES;
				CLANG_WARN_INT_CONVERSION = YES;
				CLANG_WARN_OBJC_ROOT_CLASS = YES_ERROR;
				CLANG_WARN_SUSPICIOUS_MOVE = YES;
				CLANG_WARN_UNREACHABLE_CODE = YES;
				CLANG_WARN__DUPLICATE_METHOD_MATCH = YES;
				"CODE_SIGN_IDENTITY[sdk=iphoneos*]" = "iPhone Developer";
				COPY_PHASE_STRIP = NO;
				DEBUG_INFORMATION_FORMAT = dwarf;
				ENABLE_STRICT_OBJC_MSGSEND = YES;
				ENABLE_TESTABILITY = YES;
				GCC_C_LANGUAGE_STANDARD = gnu99;
				GCC_DYNAMIC_NO_PIC = NO;
				GCC_NO_COMMON_BLOCKS = YES;
				GCC_OPTIMIZATION_LEVEL = 0;
				GCC_PREPROCESSOR_DEFINITIONS = (
					"DEBUG=1",
					"$(inherited)",
				);
				GCC_WARN_64_TO_32_BIT_CONVERSION = YES;
				GCC_WARN_ABOUT_RETURN_TYPE = YES_ERROR;
				GCC_WARN_UNDECLARED_SELECTOR = YES;
				GCC_WARN_UNINITIALIZED_AUTOS = YES_AGGRESSIVE;
				GCC_WARN_UNUSED_FUNCTION = YES;
				GCC_WARN_UNUSED_VARIABLE = YES;
				IPHONEOS_DEPLOYMENT_TARGET = 10.3;
				MTL_ENABLE_DEBUG_INFO = YES;
				ONLY_ACTIVE_ARCH = YES;
				SDKROOT = iphoneos;
				SWIFT_ACTIVE_COMPILATION_CONDITIONS = DEBUG;
				SWIFT_OPTIMIZATION_LEVEL = "-Onone";
				TARGETED_DEVICE_FAMILY = "1,2";
			};
			name = Debug;
		};
		C4E08E751F298EEF00700121 /* Release */ = {
			isa = XCBuildConfiguration;
			buildSettings = {
				ALWAYS_SEARCH_USER_PATHS = NO;
				CLANG_ANALYZER_NONNULL = YES;
				CLANG_ANALYZER_NUMBER_OBJECT_CONVERSION = YES_AGGRESSIVE;
				CLANG_CXX_LANGUAGE_STANDARD = "gnu++0x";
				CLANG_CXX_LIBRARY = "libc++";
				CLANG_ENABLE_MODULES = YES;
				CLANG_ENABLE_OBJC_ARC = YES;
				CLANG_WARN_BOOL_CONVERSION = YES;
				CLANG_WARN_CONSTANT_CONVERSION = YES;
				CLANG_WARN_DIRECT_OBJC_ISA_USAGE = YES_ERROR;
				CLANG_WARN_DOCUMENTATION_COMMENTS = YES;
				CLANG_WARN_EMPTY_BODY = YES;
				CLANG_WARN_ENUM_CONVERSION = YES;
				CLANG_WARN_INFINITE_RECURSION = YES;
				CLANG_WARN_INT_CONVERSION = YES;
				CLANG_WARN_OBJC_ROOT_CLASS = YES_ERROR;
				CLANG_WARN_SUSPICIOUS_MOVE = YES;
				CLANG_WARN_UNREACHABLE_CODE = YES;
				CLANG_WARN__DUPLICATE_METHOD_MATCH = YES;
				"CODE_SIGN_IDENTITY[sdk=iphoneos*]" = "iPhone Developer";
				COPY_PHASE_STRIP = NO;
				DEBUG_INFORMATION_FORMAT = "dwarf-with-dsym";
				ENABLE_NS_ASSERTIONS = NO;
				ENABLE_STRICT_OBJC_MSGSEND = YES;
				GCC_C_LANGUAGE_STANDARD = gnu99;
				GCC_NO_COMMON_BLOCKS = YES;
				GCC_WARN_64_TO_32_BIT_CONVERSION = YES;
				GCC_WARN_ABOUT_RETURN_TYPE = YES_ERROR;
				GCC_WARN_UNDECLARED_SELECTOR = YES;
				GCC_WARN_UNINITIALIZED_AUTOS = YES_AGGRESSIVE;
				GCC_WARN_UNUSED_FUNCTION = YES;
				GCC_WARN_UNUSED_VARIABLE = YES;
				IPHONEOS_DEPLOYMENT_TARGET = 10.3;
				MTL_ENABLE_DEBUG_INFO = NO;
				SDKROOT = iphoneos;
				SWIFT_OPTIMIZATION_LEVEL = "-Owholemodule";
				TARGETED_DEVICE_FAMILY = "1,2";
				VALIDATE_PRODUCT = YES;
			};
			name = Release;
		};
		C4E08E771F298EEF00700121 /* Debug */ = {
			isa = XCBuildConfiguration;
			buildSettings = {
				ASSETCATALOG_COMPILER_APPICON_NAME = AppIcon;
				INFOPLIST_FILE = Prime/Info.plist;
				LD_RUNPATH_SEARCH_PATHS = "$(inherited) @executable_path/Frameworks";
				PRODUCT_BUNDLE_IDENTIFIER = app.EWTC.Prime;
				PRODUCT_NAME = "$(TARGET_NAME)";
				SWIFT_VERSION = 3.0;
			};
			name = Debug;
		};
		C4E08E781F298EEF00700121 /* Release */ = {
			isa = XCBuildConfiguration;
			buildSettings = {
				ASSETCATALOG_COMPILER_APPICON_NAME = AppIcon;
				INFOPLIST_FILE = Prime/Info.plist;
				LD_RUNPATH_SEARCH_PATHS = "$(inherited) @executable_path/Frameworks";
				PRODUCT_BUNDLE_IDENTIFIER = app.EWTC.Prime;
				PRODUCT_NAME = "$(TARGET_NAME)";
				SWIFT_VERSION = 3.0;
			};
			name = Release;
		};
/* End XCBuildConfiguration section */

/* Begin XCConfigurationList section */
		C4E08E5F1F298EEE00700121 /* Build configuration list for PBXProject "Prime" */ = {
			isa = XCConfigurationList;
			buildConfigurations = (
				C4E08E741F298EEF00700121 /* Debug */,
				C4E08E751F298EEF00700121 /* Release */,
			);
			defaultConfigurationIsVisible = 0;
			defaultConfigurationName = Release;
		};
		C4E08E761F298EEF00700121 /* Build configuration list for PBXNativeTarget "Prime" */ = {
			isa = XCConfigurationList;
			buildConfigurations = (
				C4E08E771F298EEF00700121 /* Debug */,
				C4E08E781F298EEF00700121 /* Release */,
			);
			defaultConfigurationIsVisible = 0;
		};
/* End XCConfigurationList section */
	};
	rootObject = C4E08E5C1F298EEE00700121 /* Project object */;
}
